// !$*UTF8*$!
{
	archiveVersion = 1;
	classes = {
	};
	objectVersion = 51;
	objects = {

/* Begin PBXBuildFile section */
		3C41ACE325E211DF00BD519C /* EventCalendarManager.swift in Sources */ = {isa = PBXBuildFile; fileRef = 3C41ACE225E211DF00BD519C /* EventCalendarManager.swift */; };
		D19CB2C3F568E35F94F8383F /* Pods_UsHealth.framework in Frameworks */ = {isa = PBXBuildFile; fileRef = FDA262367F8DA98FA29E3F81 /* Pods_UsHealth.framework */; };
		F2368B8725E1BF4A00F0E4FA /* AppDelegate.swift in Sources */ = {isa = PBXBuildFile; fileRef = F2368B8625E1BF4A00F0E4FA /* AppDelegate.swift */; };
		F2368B8925E1BF4A00F0E4FA /* SceneDelegate.swift in Sources */ = {isa = PBXBuildFile; fileRef = F2368B8825E1BF4A00F0E4FA /* SceneDelegate.swift */; };
		F2368B8E25E1BF4A00F0E4FA /* Main.storyboard in Resources */ = {isa = PBXBuildFile; fileRef = F2368B8C25E1BF4A00F0E4FA /* Main.storyboard */; };
		F2368B9025E1BF4B00F0E4FA /* Assets.xcassets in Resources */ = {isa = PBXBuildFile; fileRef = F2368B8F25E1BF4B00F0E4FA /* Assets.xcassets */; };
		F2368B9325E1BF4B00F0E4FA /* LaunchScreen.storyboard in Resources */ = {isa = PBXBuildFile; fileRef = F2368B9125E1BF4B00F0E4FA /* LaunchScreen.storyboard */; };
		F2368B9C25E1BF8400F0E4FA /* GoogleService-Info.plist in Resources */ = {isa = PBXBuildFile; fileRef = F2368B9B25E1BF8400F0E4FA /* GoogleService-Info.plist */; };
		F2368BAF25E1CCC100F0E4FA /* LoginViewController.swift in Sources */ = {isa = PBXBuildFile; fileRef = F2368BAE25E1CCC100F0E4FA /* LoginViewController.swift */; };
		F2368BB325E1CFDD00F0E4FA /* QuestionsViewController.swift in Sources */ = {isa = PBXBuildFile; fileRef = F2368BB225E1CFDD00F0E4FA /* QuestionsViewController.swift */; };
		F2368BCB25E1FF7600F0E4FA /* HomeViewController.swift in Sources */ = {isa = PBXBuildFile; fileRef = F2368BCA25E1FF7600F0E4FA /* HomeViewController.swift */; };
		F2368BE025E203CD00F0E4FA /* UserInfo.swift in Sources */ = {isa = PBXBuildFile; fileRef = F2368BDF25E203CD00F0E4FA /* UserInfo.swift */; };
/* End PBXBuildFile section */

/* Begin PBXFileReference section */
		3C41ACE225E211DF00BD519C /* EventCalendarManager.swift */ = {isa = PBXFileReference; lastKnownFileType = sourcecode.swift; path = EventCalendarManager.swift; sourceTree = "<group>"; };
		5B024668E6CBAF5E4DCEDE9A /* Pods-UsHealth.release.xcconfig */ = {isa = PBXFileReference; includeInIndex = 1; lastKnownFileType = text.xcconfig; name = "Pods-UsHealth.release.xcconfig"; path = "Target Support Files/Pods-UsHealth/Pods-UsHealth.release.xcconfig"; sourceTree = "<group>"; };
		BBC7C98A9F443992547EC972 /* Pods-UsHealth.debug.xcconfig */ = {isa = PBXFileReference; includeInIndex = 1; lastKnownFileType = text.xcconfig; name = "Pods-UsHealth.debug.xcconfig"; path = "Target Support Files/Pods-UsHealth/Pods-UsHealth.debug.xcconfig"; sourceTree = "<group>"; };
		F2368B8325E1BF4A00F0E4FA /* UsHealth.app */ = {isa = PBXFileReference; explicitFileType = wrapper.application; includeInIndex = 0; path = UsHealth.app; sourceTree = BUILT_PRODUCTS_DIR; };
		F2368B8625E1BF4A00F0E4FA /* AppDelegate.swift */ = {isa = PBXFileReference; lastKnownFileType = sourcecode.swift; path = AppDelegate.swift; sourceTree = "<group>"; };
		F2368B8825E1BF4A00F0E4FA /* SceneDelegate.swift */ = {isa = PBXFileReference; lastKnownFileType = sourcecode.swift; path = SceneDelegate.swift; sourceTree = "<group>"; };
		F2368B8D25E1BF4A00F0E4FA /* Base */ = {isa = PBXFileReference; lastKnownFileType = file.storyboard; name = Base; path = Base.lproj/Main.storyboard; sourceTree = "<group>"; };
		F2368B8F25E1BF4B00F0E4FA /* Assets.xcassets */ = {isa = PBXFileReference; lastKnownFileType = folder.assetcatalog; path = Assets.xcassets; sourceTree = "<group>"; };
		F2368B9225E1BF4B00F0E4FA /* Base */ = {isa = PBXFileReference; lastKnownFileType = file.storyboard; name = Base; path = Base.lproj/LaunchScreen.storyboard; sourceTree = "<group>"; };
		F2368B9425E1BF4B00F0E4FA /* Info.plist */ = {isa = PBXFileReference; lastKnownFileType = text.plist.xml; path = Info.plist; sourceTree = "<group>"; };
		F2368B9B25E1BF8400F0E4FA /* GoogleService-Info.plist */ = {isa = PBXFileReference; fileEncoding = 4; lastKnownFileType = text.plist.xml; path = "GoogleService-Info.plist"; sourceTree = "<group>"; };
		F2368BAE25E1CCC100F0E4FA /* LoginViewController.swift */ = {isa = PBXFileReference; lastKnownFileType = sourcecode.swift; path = LoginViewController.swift; sourceTree = "<group>"; };
		F2368BB225E1CFDD00F0E4FA /* QuestionsViewController.swift */ = {isa = PBXFileReference; lastKnownFileType = sourcecode.swift; path = QuestionsViewController.swift; sourceTree = "<group>"; };
		F2368BCA25E1FF7600F0E4FA /* HomeViewController.swift */ = {isa = PBXFileReference; lastKnownFileType = sourcecode.swift; path = HomeViewController.swift; sourceTree = "<group>"; };
		F2368BDF25E203CD00F0E4FA /* UserInfo.swift */ = {isa = PBXFileReference; lastKnownFileType = sourcecode.swift; path = UserInfo.swift; sourceTree = "<group>"; };
		FDA262367F8DA98FA29E3F81 /* Pods_UsHealth.framework */ = {isa = PBXFileReference; explicitFileType = wrapper.framework; includeInIndex = 0; path = Pods_UsHealth.framework; sourceTree = BUILT_PRODUCTS_DIR; };
/* End PBXFileReference section */

/* Begin PBXFrameworksBuildPhase section */
		F2368B8025E1BF4A00F0E4FA /* Frameworks */ = {
			isa = PBXFrameworksBuildPhase;
			buildActionMask = 2147483647;
			files = (
				D19CB2C3F568E35F94F8383F /* Pods_UsHealth.framework in Frameworks */,
			);
			runOnlyForDeploymentPostprocessing = 0;
		};
/* End PBXFrameworksBuildPhase section */

/* Begin PBXGroup section */
		1A78AB18E8236B83AF618DF5 /* Frameworks */ = {
			isa = PBXGroup;
			children = (
				FDA262367F8DA98FA29E3F81 /* Pods_UsHealth.framework */,
			);
			name = Frameworks;
			sourceTree = "<group>";
		};
		792936AE38E934528CCD5FBB /* Pods */ = {
			isa = PBXGroup;
			children = (
				BBC7C98A9F443992547EC972 /* Pods-UsHealth.debug.xcconfig */,
				5B024668E6CBAF5E4DCEDE9A /* Pods-UsHealth.release.xcconfig */,
			);
			path = Pods;
			sourceTree = "<group>";
		};
		F2368B7A25E1BF4900F0E4FA = {
			isa = PBXGroup;
			children = (
				F2368B9B25E1BF8400F0E4FA /* GoogleService-Info.plist */,
				F2368B8525E1BF4A00F0E4FA /* UsHealth */,
				F2368B8425E1BF4A00F0E4FA /* Products */,
				792936AE38E934528CCD5FBB /* Pods */,
				1A78AB18E8236B83AF618DF5 /* Frameworks */,
			);
			sourceTree = "<group>";
		};
		F2368B8425E1BF4A00F0E4FA /* Products */ = {
			isa = PBXGroup;
			children = (
				F2368B8325E1BF4A00F0E4FA /* UsHealth.app */,
			);
			name = Products;
			sourceTree = "<group>";
		};
		F2368B8525E1BF4A00F0E4FA /* UsHealth */ = {
			isa = PBXGroup;
			children = (
				F2368B8625E1BF4A00F0E4FA /* AppDelegate.swift */,
				F2368B8825E1BF4A00F0E4FA /* SceneDelegate.swift */,
				F2368B8C25E1BF4A00F0E4FA /* Main.storyboard */,
				F2368B9125E1BF4B00F0E4FA /* LaunchScreen.storyboard */,
				F2368BE525E479B700F0E4FA /* Controllers */,
				F2368B8F25E1BF4B00F0E4FA /* Assets.xcassets */,
				F2368B9425E1BF4B00F0E4FA /* Info.plist */,
				F2368BDF25E203CD00F0E4FA /* UserInfo.swift */,
				3C41ACE225E211DF00BD519C /* EventCalendarManager.swift */,
			);
			path = UsHealth;
			sourceTree = "<group>";
		};
		F2368BE525E479B700F0E4FA /* Controllers */ = {
			isa = PBXGroup;
			children = (
				F2368BAE25E1CCC100F0E4FA /* LoginViewController.swift */,
				F2368BB225E1CFDD00F0E4FA /* QuestionsViewController.swift */,
				F2368BCA25E1FF7600F0E4FA /* HomeViewController.swift */,
			);
			path = Controllers;
			sourceTree = "<group>";
		};
/* End PBXGroup section */

/* Begin PBXNativeTarget section */
		F2368B8225E1BF4A00F0E4FA /* UsHealth */ = {
			isa = PBXNativeTarget;
			buildConfigurationList = F2368B9725E1BF4B00F0E4FA /* Build configuration list for PBXNativeTarget "UsHealth" */;
			buildPhases = (
				86B860C06F1F1125B3D42AC1 /* [CP] Check Pods Manifest.lock */,
				F2368B7F25E1BF4A00F0E4FA /* Sources */,
				F2368B8025E1BF4A00F0E4FA /* Frameworks */,
				F2368B8125E1BF4A00F0E4FA /* Resources */,
				C39745DAC305AB29F5D9BFBE /* [CP] Embed Pods Frameworks */,
				08CD1CA2BFC90E5CA5EFBFDB /* [CP] Copy Pods Resources */,
			);
			buildRules = (
			);
			dependencies = (
			);
			name = UsHealth;
			productName = UsHealth;
			productReference = F2368B8325E1BF4A00F0E4FA /* UsHealth.app */;
			productType = "com.apple.product-type.application";
		};
/* End PBXNativeTarget section */

/* Begin PBXProject section */
		F2368B7B25E1BF4900F0E4FA /* Project object */ = {
			isa = PBXProject;
			attributes = {
				LastSwiftUpdateCheck = 1200;
				LastUpgradeCheck = 1200;
				TargetAttributes = {
					F2368B8225E1BF4A00F0E4FA = {
						CreatedOnToolsVersion = 12.0.1;
					};
				};
			};
			buildConfigurationList = F2368B7E25E1BF4A00F0E4FA /* Build configuration list for PBXProject "UsHealth" */;
			compatibilityVersion = "Xcode 9.3";
			developmentRegion = en;
			hasScannedForEncodings = 0;
			knownRegions = (
				en,
				Base,
			);
			mainGroup = F2368B7A25E1BF4900F0E4FA;
			productRefGroup = F2368B8425E1BF4A00F0E4FA /* Products */;
			projectDirPath = "";
			projectRoot = "";
			targets = (
				F2368B8225E1BF4A00F0E4FA /* UsHealth */,
			);
		};
/* End PBXProject section */

/* Begin PBXResourcesBuildPhase section */
		F2368B8125E1BF4A00F0E4FA /* Resources */ = {
			isa = PBXResourcesBuildPhase;
			buildActionMask = 2147483647;
			files = (
				F2368B9325E1BF4B00F0E4FA /* LaunchScreen.storyboard in Resources */,
				F2368B9C25E1BF8400F0E4FA /* GoogleService-Info.plist in Resources */,
				F2368B9025E1BF4B00F0E4FA /* Assets.xcassets in Resources */,
				F2368B8E25E1BF4A00F0E4FA /* Main.storyboard in Resources */,
			);
			runOnlyForDeploymentPostprocessing = 0;
		};
/* End PBXResourcesBuildPhase section */

/* Begin PBXShellScriptBuildPhase section */
		08CD1CA2BFC90E5CA5EFBFDB /* [CP] Copy Pods Resources */ = {
			isa = PBXShellScriptBuildPhase;
			buildActionMask = 2147483647;
			files = (
			);
			inputFileListPaths = (
				"${PODS_ROOT}/Target Support Files/Pods-UsHealth/Pods-UsHealth-resources-${CONFIGURATION}-input-files.xcfilelist",
			);
			name = "[CP] Copy Pods Resources";
			outputFileListPaths = (
				"${PODS_ROOT}/Target Support Files/Pods-UsHealth/Pods-UsHealth-resources-${CONFIGURATION}-output-files.xcfilelist",
			);
			runOnlyForDeploymentPostprocessing = 0;
			shellPath = /bin/sh;
			shellScript = "\"${PODS_ROOT}/Target Support Files/Pods-UsHealth/Pods-UsHealth-resources.sh\"\n";
			showEnvVarsInLog = 0;
		};
		86B860C06F1F1125B3D42AC1 /* [CP] Check Pods Manifest.lock */ = {
			isa = PBXShellScriptBuildPhase;
			buildActionMask = 2147483647;
			files = (
			);
			inputFileListPaths = (
			);
			inputPaths = (
				"${PODS_PODFILE_DIR_PATH}/Podfile.lock",
				"${PODS_ROOT}/Manifest.lock",
			);
			name = "[CP] Check Pods Manifest.lock";
			outputFileListPaths = (
			);
			outputPaths = (
				"$(DERIVED_FILE_DIR)/Pods-UsHealth-checkManifestLockResult.txt",
			);
			runOnlyForDeploymentPostprocessing = 0;
			shellPath = /bin/sh;
			shellScript = "diff \"${PODS_PODFILE_DIR_PATH}/Podfile.lock\" \"${PODS_ROOT}/Manifest.lock\" > /dev/null\nif [ $? != 0 ] ; then\n    # print error to STDERR\n    echo \"error: The sandbox is not in sync with the Podfile.lock. Run 'pod install' or update your CocoaPods installation.\" >&2\n    exit 1\nfi\n# This output is used by Xcode 'outputs' to avoid re-running this script phase.\necho \"SUCCESS\" > \"${SCRIPT_OUTPUT_FILE_0}\"\n";
			showEnvVarsInLog = 0;
		};
		C39745DAC305AB29F5D9BFBE /* [CP] Embed Pods Frameworks */ = {
			isa = PBXShellScriptBuildPhase;
			buildActionMask = 2147483647;
			files = (
			);
			inputFileListPaths = (
				"${PODS_ROOT}/Target Support Files/Pods-UsHealth/Pods-UsHealth-frameworks-${CONFIGURATION}-input-files.xcfilelist",
			);
			name = "[CP] Embed Pods Frameworks";
			outputFileListPaths = (
				"${PODS_ROOT}/Target Support Files/Pods-UsHealth/Pods-UsHealth-frameworks-${CONFIGURATION}-output-files.xcfilelist",
			);
			runOnlyForDeploymentPostprocessing = 0;
			shellPath = /bin/sh;
			shellScript = "\"${PODS_ROOT}/Target Support Files/Pods-UsHealth/Pods-UsHealth-frameworks.sh\"\n";
			showEnvVarsInLog = 0;
		};
/* End PBXShellScriptBuildPhase section */

/* Begin PBXSourcesBuildPhase section */
		F2368B7F25E1BF4A00F0E4FA /* Sources */ = {
			isa = PBXSourcesBuildPhase;
			buildActionMask = 2147483647;
			files = (
				F2368BCB25E1FF7600F0E4FA /* HomeViewController.swift in Sources */,
				3C41ACE325E211DF00BD519C /* EventCalendarManager.swift in Sources */,
				F2368BAF25E1CCC100F0E4FA /* LoginViewController.swift in Sources */,
				F2368B8725E1BF4A00F0E4FA /* AppDelegate.swift in Sources */,
				F2368BB325E1CFDD00F0E4FA /* QuestionsViewController.swift in Sources */,
				F2368BE025E203CD00F0E4FA /* UserInfo.swift in Sources */,
				F2368B8925E1BF4A00F0E4FA /* SceneDelegate.swift in Sources */,
			);
			runOnlyForDeploymentPostprocessing = 0;
		};
/* End PBXSourcesBuildPhase section */

/* Begin PBXVariantGroup section */
		F2368B8C25E1BF4A00F0E4FA /* Main.storyboard */ = {
			isa = PBXVariantGroup;
			children = (
				F2368B8D25E1BF4A00F0E4FA /* Base */,
			);
			name = Main.storyboard;
			sourceTree = "<group>";
		};
		F2368B9125E1BF4B00F0E4FA /* LaunchScreen.storyboard */ = {
			isa = PBXVariantGroup;
			children = (
				F2368B9225E1BF4B00F0E4FA /* Base */,
			);
			name = LaunchScreen.storyboard;
			sourceTree = "<group>";
		};
/* End PBXVariantGroup section */

/* Begin XCBuildConfiguration section */
		F2368B9525E1BF4B00F0E4FA /* Debug */ = {
			isa = XCBuildConfiguration;
			buildSettings = {
				ALWAYS_SEARCH_USER_PATHS = NO;
				CLANG_ANALYZER_NONNULL = YES;
				CLANG_ANALYZER_NUMBER_OBJECT_CONVERSION = YES_AGGRESSIVE;
				CLANG_CXX_LANGUAGE_STANDARD = "gnu++14";
				CLANG_CXX_LIBRARY = "libc++";
				CLANG_ENABLE_MODULES = YES;
				CLANG_ENABLE_OBJC_ARC = YES;
				CLANG_ENABLE_OBJC_WEAK = YES;
				CLANG_WARN_BLOCK_CAPTURE_AUTORELEASING = YES;
				CLANG_WARN_BOOL_CONVERSION = YES;
				CLANG_WARN_COMMA = YES;
				CLANG_WARN_CONSTANT_CONVERSION = YES;
				CLANG_WARN_DEPRECATED_OBJC_IMPLEMENTATIONS = YES;
				CLANG_WARN_DIRECT_OBJC_ISA_USAGE = YES_ERROR;
				CLANG_WARN_DOCUMENTATION_COMMENTS = YES;
				CLANG_WARN_EMPTY_BODY = YES;
				CLANG_WARN_ENUM_CONVERSION = YES;
				CLANG_WARN_INFINITE_RECURSION = YES;
				CLANG_WARN_INT_CONVERSION = YES;
				CLANG_WARN_NON_LITERAL_NULL_CONVERSION = YES;
				CLANG_WARN_OBJC_IMPLICIT_RETAIN_SELF = YES;
				CLANG_WARN_OBJC_LITERAL_CONVERSION = YES;
				CLANG_WARN_OBJC_ROOT_CLASS = YES_ERROR;
				CLANG_WARN_QUOTED_INCLUDE_IN_FRAMEWORK_HEADER = YES;
				CLANG_WARN_RANGE_LOOP_ANALYSIS = YES;
				CLANG_WARN_STRICT_PROTOTYPES = YES;
				CLANG_WARN_SUSPICIOUS_MOVE = YES;
				CLANG_WARN_UNGUARDED_AVAILABILITY = YES_AGGRESSIVE;
				CLANG_WARN_UNREACHABLE_CODE = YES;
				CLANG_WARN__DUPLICATE_METHOD_MATCH = YES;
				COPY_PHASE_STRIP = NO;
				DEBUG_INFORMATION_FORMAT = dwarf;
				ENABLE_STRICT_OBJC_MSGSEND = YES;
				ENABLE_TESTABILITY = YES;
				GCC_C_LANGUAGE_STANDARD = gnu11;
				GCC_DYNAMIC_NO_PIC = NO;
				GCC_NO_COMMON_BLOCKS = YES;
				GCC_OPTIMIZATION_LEVEL = 0;
				GCC_PREPROCESSOR_DEFINITIONS = (
					"DEBUG=1",
					"$(inherited)",
				);
				GCC_WARN_64_TO_32_BIT_CONVERSION = YES;
				GCC_WARN_ABOUT_RETURN_TYPE = YES_ERROR;
				GCC_WARN_UNDECLARED_SELECTOR = YES;
				GCC_WARN_UNINITIALIZED_AUTOS = YES_AGGRESSIVE;
				GCC_WARN_UNUSED_FUNCTION = YES;
				GCC_WARN_UNUSED_VARIABLE = YES;
				IPHONEOS_DEPLOYMENT_TARGET = 14.0;
				MTL_ENABLE_DEBUG_INFO = INCLUDE_SOURCE;
				MTL_FAST_MATH = YES;
				ONLY_ACTIVE_ARCH = YES;
				SDKROOT = iphoneos;
				SWIFT_ACTIVE_COMPILATION_CONDITIONS = DEBUG;
				SWIFT_OPTIMIZATION_LEVEL = "-Onone";
			};
			name = Debug;
		};
		F2368B9625E1BF4B00F0E4FA /* Release */ = {
			isa = XCBuildConfiguration;
			buildSettings = {
				ALWAYS_SEARCH_USER_PATHS = NO;
				CLANG_ANALYZER_NONNULL = YES;
				CLANG_ANALYZER_NUMBER_OBJECT_CONVERSION = YES_AGGRESSIVE;
				CLANG_CXX_LANGUAGE_STANDARD = "gnu++14";
				CLANG_CXX_LIBRARY = "libc++";
				CLANG_ENABLE_MODULES = YES;
				CLANG_ENABLE_OBJC_ARC = YES;
				CLANG_ENABLE_OBJC_WEAK = YES;
				CLANG_WARN_BLOCK_CAPTURE_AUTORELEASING = YES;
				CLANG_WARN_BOOL_CONVERSION = YES;
				CLANG_WARN_COMMA = YES;
				CLANG_WARN_CONSTANT_CONVERSION = YES;
				CLANG_WARN_DEPRECATED_OBJC_IMPLEMENTATIONS = YES;
				CLANG_WARN_DIRECT_OBJC_ISA_USAGE = YES_ERROR;
				CLANG_WARN_DOCUMENTATION_COMMENTS = YES;
				CLANG_WARN_EMPTY_BODY = YES;
				CLANG_WARN_ENUM_CONVERSION = YES;
				CLANG_WARN_INFINITE_RECURSION = YES;
				CLANG_WARN_INT_CONVERSION = YES;
				CLANG_WARN_NON_LITERAL_NULL_CONVERSION = YES;
				CLANG_WARN_OBJC_IMPLICIT_RETAIN_SELF = YES;
				CLANG_WARN_OBJC_LITERAL_CONVERSION = YES;
				CLANG_WARN_OBJC_ROOT_CLASS = YES_ERROR;
				CLANG_WARN_QUOTED_INCLUDE_IN_FRAMEWORK_HEADER = YES;
				CLANG_WARN_RANGE_LOOP_ANALYSIS = YES;
				CLANG_WARN_STRICT_PROTOTYPES = YES;
				CLANG_WARN_SUSPICIOUS_MOVE = YES;
				CLANG_WARN_UNGUARDED_AVAILABILITY = YES_AGGRESSIVE;
				CLANG_WARN_UNREACHABLE_CODE = YES;
				CLANG_WARN__DUPLICATE_METHOD_MATCH = YES;
				COPY_PHASE_STRIP = NO;
				DEBUG_INFORMATION_FORMAT = "dwarf-with-dsym";
				ENABLE_NS_ASSERTIONS = NO;
				ENABLE_STRICT_OBJC_MSGSEND = YES;
				GCC_C_LANGUAGE_STANDARD = gnu11;
				GCC_NO_COMMON_BLOCKS = YES;
				GCC_WARN_64_TO_32_BIT_CONVERSION = YES;
				GCC_WARN_ABOUT_RETURN_TYPE = YES_ERROR;
				GCC_WARN_UNDECLARED_SELECTOR = YES;
				GCC_WARN_UNINITIALIZED_AUTOS = YES_AGGRESSIVE;
				GCC_WARN_UNUSED_FUNCTION = YES;
				GCC_WARN_UNUSED_VARIABLE = YES;
				IPHONEOS_DEPLOYMENT_TARGET = 14.0;
				MTL_ENABLE_DEBUG_INFO = NO;
				MTL_FAST_MATH = YES;
				SDKROOT = iphoneos;
				SWIFT_COMPILATION_MODE = wholemodule;
				SWIFT_OPTIMIZATION_LEVEL = "-O";
				VALIDATE_PRODUCT = YES;
			};
			name = Release;
		};
		F2368B9825E1BF4B00F0E4FA /* Debug */ = {
			isa = XCBuildConfiguration;
			baseConfigurationReference = BBC7C98A9F443992547EC972 /* Pods-UsHealth.debug.xcconfig */;
			buildSettings = {
				ASSETCATALOG_COMPILER_APPICON_NAME = "AppIcon-1";
				ASSETCATALOG_COMPILER_GLOBAL_ACCENT_COLOR_NAME = AccentColor;
				CODE_SIGN_STYLE = Automatic;
				INFOPLIST_FILE = UsHealth/Info.plist;
				LD_RUNPATH_SEARCH_PATHS = (
					"$(inherited)",
					"@executable_path/Frameworks",
				);
				PRODUCT_BUNDLE_IDENTIFIER = com.SpainwotheS.UsHealth;
				PRODUCT_NAME = "$(TARGET_NAME)";
				SWIFT_VERSION = 5.0;
				TARGETED_DEVICE_FAMILY = "1,2";
			};
			name = Debug;
		};
		F2368B9925E1BF4B00F0E4FA /* Release */ = {
			isa = XCBuildConfiguration;
			baseConfigurationReference = 5B024668E6CBAF5E4DCEDE9A /* Pods-UsHealth.release.xcconfig */;
			buildSettings = {
				ASSETCATALOG_COMPILER_APPICON_NAME = "AppIcon-1";
				ASSETCATALOG_COMPILER_GLOBAL_ACCENT_COLOR_NAME = AccentColor;
				CODE_SIGN_STYLE = Automatic;
				INFOPLIST_FILE = UsHealth/Info.plist;
				LD_RUNPATH_SEARCH_PATHS = (
					"$(inherited)",
					"@executable_path/Frameworks",
				);
				PRODUCT_BUNDLE_IDENTIFIER = com.SpainwotheS.UsHealth;
				PRODUCT_NAME = "$(TARGET_NAME)";
				SWIFT_VERSION = 5.0;
				TARGETED_DEVICE_FAMILY = "1,2";
			};
			name = Release;
		};
/* End XCBuildConfiguration section */

/* Begin XCConfigurationList section */
		F2368B7E25E1BF4A00F0E4FA /* Build configuration list for PBXProject "UsHealth" */ = {
			isa = XCConfigurationList;
			buildConfigurations = (
				F2368B9525E1BF4B00F0E4FA /* Debug */,
				F2368B9625E1BF4B00F0E4FA /* Release */,
			);
			defaultConfigurationIsVisible = 0;
			defaultConfigurationName = Release;
		};
		F2368B9725E1BF4B00F0E4FA /* Build configuration list for PBXNativeTarget "UsHealth" */ = {
			isa = XCConfigurationList;
			buildConfigurations = (
				F2368B9825E1BF4B00F0E4FA /* Debug */,
				F2368B9925E1BF4B00F0E4FA /* Release */,
			);
			defaultConfigurationIsVisible = 0;
			defaultConfigurationName = Release;
		};
/* End XCConfigurationList section */
	};
	rootObject = F2368B7B25E1BF4900F0E4FA /* Project object */;
}
